{
  "name": "testenvbuilder",
  "version": "1.0.0",
  "lockfileVersion": 2,
  "requires": true,
  "packages": {
    "": {
      "name": "testenvbuilder",
      "version": "1.0.0",
      "license": "MIT",
      "dependencies": {
        "exerciseserverclientlib": "^1.1.1",
        "sparkyservice": "^2.0.1",
        "stumgmtbackend": "^3.0.0"
      }
    },
    "node_modules/axios": {
      "version": "0.21.4",
      "resolved": "https://registry.npmjs.org/axios/-/axios-0.21.4.tgz",
      "integrity": "sha512-ut5vewkiu8jjGBdqpM44XxjuCjq9LAKeHVmoVfHVzy8eHgxxq8SbAVQNovDA8mVi05kP0Ea/n/UzcSHcTJQfNg==",
      "dependencies": {
        "follow-redirects": "^1.14.0"
      }
    },
    "node_modules/exerciseserverclientlib": {
      "version": "1.1.1",
      "resolved": "https://registry.npmjs.org/exerciseserverclientlib/-/exerciseserverclientlib-1.1.1.tgz",
      "integrity": "sha512-qLPNO4GhkMNpePSaDT24B9+TXGOstSaBrGC6vCLTBbZ/VnTSs1wI67cGdDPeHqLeSgmEAZtbOBwrcKHRMPNqOA==",
      "dependencies": {
        "axios": "^0.21.1"
      }
    },
    "node_modules/follow-redirects": {
      "version": "1.15.2",
      "resolved": "https://registry.npmjs.org/follow-redirects/-/follow-redirects-1.15.2.tgz",
      "integrity": "sha512-VQLG33o04KaQ8uYi2tVNbdrWp1QWxNNea+nmIB4EVM28v0hmP17z7aG1+wAkNzVq4KeXTq3221ye5qTJP91JwA==",
      "funding": [
        {
          "type": "individual",
          "url": "https://github.com/sponsors/RubenVerborgh"
        }
      ],
      "engines": {
        "node": ">=4.0"
      },
      "peerDependenciesMeta": {
        "debug": {
          "optional": true
        }
      }
    },
    "node_modules/sparkyservice": {
      "version": "2.0.1",
      "resolved": "https://registry.npmjs.org/sparkyservice/-/sparkyservice-2.0.1.tgz",
      "integrity": "sha512-t2e8JsOZHFoy4UeWD4cDOwiZbhV55DXzm/n4AZeRaVmSEstW23mM9zUgfEy141Xj8KnnHQUWmaCmGOsWkyhDBw==",
      "dependencies": {
        "axios": "^0.21.1"
      }
    },
    "node_modules/stumgmtbackend": {
      "version": "3.0.0",
      "resolved": "https://registry.npmjs.org/stumgmtbackend/-/stumgmtbackend-3.0.0.tgz",
      "integrity": "sha512-F0y2Wbr1jEPniyB/FIoVqzsHJ8F00BJPn2bWwZo+J4wGBd+wvq5tEdkNQwWiHqwntXkDtYcLnUh7Jf0dCHz0Mw==",
      "dependencies": {
        "axios": "^0.21.1"
      }
    }
  },
  "dependencies": {
    "axios": {
      "version": "0.21.4",
      "resolved": "https://registry.npmjs.org/axios/-/axios-0.21.4.tgz",
      "integrity": "sha512-ut5vewkiu8jjGBdqpM44XxjuCjq9LAKeHVmoVfHVzy8eHgxxq8SbAVQNovDA8mVi05kP0Ea/n/UzcSHcTJQfNg==",
      "requires": {
        "follow-redirects": "^1.14.0"
      }
    },
    "exerciseserverclientlib": {
      "version": "1.1.1",
      "resolved": "https://registry.npmjs.org/exerciseserverclientlib/-/exerciseserverclientlib-1.1.1.tgz",
      "integrity": "sha512-qLPNO4GhkMNpePSaDT24B9+TXGOstSaBrGC6vCLTBbZ/VnTSs1wI67cGdDPeHqLeSgmEAZtbOBwrcKHRMPNqOA==",
      "requires": {
        "axios": "^0.21.1"
      }
    },
    "follow-redirects": {
      "version": "1.15.2",
      "resolved": "https://registry.npmjs.org/follow-redirects/-/follow-redirects-1.15.2.tgz",
      "integrity": "sha512-VQLG33o04KaQ8uYi2tVNbdrWp1QWxNNea+nmIB4EVM28v0hmP17z7aG1+wAkNzVq4KeXTq3221ye5qTJP91JwA=="
    },
    "sparkyservice": {
      "version": "2.0.1",
      "resolved": "https://registry.npmjs.org/sparkyservice/-/sparkyservice-2.0.1.tgz",
      "integrity": "sha512-t2e8JsOZHFoy4UeWD4cDOwiZbhV55DXzm/n4AZeRaVmSEstW23mM9zUgfEy141Xj8KnnHQUWmaCmGOsWkyhDBw==",
      "requires": {
        "axios": "^0.21.1"
      }
    },
    "stumgmtbackend": {
      "version": "3.0.0",
      "resolved": "https://registry.npmjs.org/stumgmtbackend/-/stumgmtbackend-3.0.0.tgz",
      "integrity": "sha512-F0y2Wbr1jEPniyB/FIoVqzsHJ8F00BJPn2bWwZo+J4wGBd+wvq5tEdkNQwWiHqwntXkDtYcLnUh7Jf0dCHz0Mw==",
      "requires": {
        "axios": "^0.21.1"
      }
    }
  }
}
